
Microsoft Visual Studio Solution File, Format Version 12.00
# Visual Studio Version 16
VisualStudioVersion = 16.0.30406.217
MinimumVisualStudioVersion = 10.0.40219.1
Project("{8BC9CEB8-8B4A-11D0-8D11-00A0C91BC942}") = "9_4", "9_4\9_4.vcxproj", "{0C8FF2AC-09CB-460B-818E-FEC88E2A7F89}"
EndProject
Global
	GlobalSection(SolutionConfigurationPlatforms) = preSolution
		Debug|x64 = Debug|x64
		Debug|x86 = Debug|x86
		Release|x64 = Release|x64
		Release|x86 = Release|x86
	EndGlobalSection
	GlobalSection(ProjectConfigurationPlatforms) = postSolution
		{0C8FF2AC-09CB-460B-818E-FEC88E2A7F89}.Debug|x64.ActiveCfg = Debug|x64
		{0C8FF2AC-09CB-460B-818E-FEC88E2A7F89}.Debug|x64.Build.0 = Debug|x64
		{0C8FF2AC-09CB-460B-818E-FEC88E2A7F89}.Debug|x86.ActiveCfg = Debug|Win32
		{0C8FF2AC-09CB-460B-818E-FEC88E2A7F89}.Debug|x86.Build.0 = Debug|Win32
		{0C8FF2AC-09CB-460B-818E-FEC88E2A7F89}.Release|x64.ActiveCfg = Release|x64
		{0C8FF2AC-09CB-460B-818E-FEC88E2A7F89}.Release|x64.Build.0 = Release|x64
		{0C8FF2AC-09CB-460B-818E-FEC88E2A7F89}.Release|x86.ActiveCfg = Release|Win32
		{0C8FF2AC-09CB-460B-818E-FEC88E2A7F89}.Release|x86.Build.0 = Release|Win32
	EndGlobalSection
	GlobalSection(SolutionProperties) = preSolution
		HideSolutionNode = FALSE
	EndGlobalSection
	GlobalSection(ExtensibilityGlobals) = postSolution
		SolutionGuid = {303CE1FA-DD5C-49F4-824E-F7D252223664}
	EndGlobalSection
EndGlobal
