
Microsoft Visual Studio Solution File, Format Version 12.00
# Visual Studio Version 16
VisualStudioVersion = 16.0.30406.217
MinimumVisualStudioVersion = 10.0.40219.1
Project("{8BC9CEB8-8B4A-11D0-8D11-00A0C91BC942}") = "10.1(осн)", "10.1(осн)\10.1(осн).vcxproj", "{990E5DBD-92D3-4A4A-9A44-D810EE87A441}"
EndProject
Global
	GlobalSection(SolutionConfigurationPlatforms) = preSolution
		Debug|x64 = Debug|x64
		Debug|x86 = Debug|x86
		Release|x64 = Release|x64
		Release|x86 = Release|x86
	EndGlobalSection
	GlobalSection(ProjectConfigurationPlatforms) = postSolution
		{990E5DBD-92D3-4A4A-9A44-D810EE87A441}.Debug|x64.ActiveCfg = Debug|x64
		{990E5DBD-92D3-4A4A-9A44-D810EE87A441}.Debug|x64.Build.0 = Debug|x64
		{990E5DBD-92D3-4A4A-9A44-D810EE87A441}.Debug|x86.ActiveCfg = Debug|Win32
		{990E5DBD-92D3-4A4A-9A44-D810EE87A441}.Debug|x86.Build.0 = Debug|Win32
		{990E5DBD-92D3-4A4A-9A44-D810EE87A441}.Release|x64.ActiveCfg = Release|x64
		{990E5DBD-92D3-4A4A-9A44-D810EE87A441}.Release|x64.Build.0 = Release|x64
		{990E5DBD-92D3-4A4A-9A44-D810EE87A441}.Release|x86.ActiveCfg = Release|Win32
		{990E5DBD-92D3-4A4A-9A44-D810EE87A441}.Release|x86.Build.0 = Release|Win32
	EndGlobalSection
	GlobalSection(SolutionProperties) = preSolution
		HideSolutionNode = FALSE
	EndGlobalSection
	GlobalSection(ExtensibilityGlobals) = postSolution
		SolutionGuid = {F8FBF08F-DED0-42F3-B8A5-DECDFAEE9526}
	EndGlobalSection
EndGlobal
