
Microsoft Visual Studio Solution File, Format Version 12.00
# Visual Studio Version 16
VisualStudioVersion = 16.0.30406.217
MinimumVisualStudioVersion = 10.0.40219.1
Project("{8BC9CEB8-8B4A-11D0-8D11-00A0C91BC942}") = "11Вар", "11Вар\11Вар.vcxproj", "{F1614F84-48F9-49B0-AA08-E64421A1ABBF}"
EndProject
Global
	GlobalSection(SolutionConfigurationPlatforms) = preSolution
		Debug|x64 = Debug|x64
		Debug|x86 = Debug|x86
		Release|x64 = Release|x64
		Release|x86 = Release|x86
	EndGlobalSection
	GlobalSection(ProjectConfigurationPlatforms) = postSolution
		{F1614F84-48F9-49B0-AA08-E64421A1ABBF}.Debug|x64.ActiveCfg = Debug|x64
		{F1614F84-48F9-49B0-AA08-E64421A1ABBF}.Debug|x64.Build.0 = Debug|x64
		{F1614F84-48F9-49B0-AA08-E64421A1ABBF}.Debug|x86.ActiveCfg = Debug|Win32
		{F1614F84-48F9-49B0-AA08-E64421A1ABBF}.Debug|x86.Build.0 = Debug|Win32
		{F1614F84-48F9-49B0-AA08-E64421A1ABBF}.Release|x64.ActiveCfg = Release|x64
		{F1614F84-48F9-49B0-AA08-E64421A1ABBF}.Release|x64.Build.0 = Release|x64
		{F1614F84-48F9-49B0-AA08-E64421A1ABBF}.Release|x86.ActiveCfg = Release|Win32
		{F1614F84-48F9-49B0-AA08-E64421A1ABBF}.Release|x86.Build.0 = Release|Win32
	EndGlobalSection
	GlobalSection(SolutionProperties) = preSolution
		HideSolutionNode = FALSE
	EndGlobalSection
	GlobalSection(ExtensibilityGlobals) = postSolution
		SolutionGuid = {987E79D8-9B60-4DCE-9177-3F31C29F5676}
	EndGlobalSection
EndGlobal
